# This file is automatically @generated by Cargo.
# It is not intended for manual editing.
[[package]]
name = "capstone"
version = "0.7.0"
source = "registry+https://github.com/rust-lang/crates.io-index"
checksum = "f60e7f097987a09a9b678c6214b5a5eb326f9fc1e3eac88cce5d086c2b3b8dc9"
dependencies = [
 "capstone-sys",
 "libc",
]

[[package]]
name = "capstone-sys"
version = "0.11.0"
source = "registry+https://github.com/rust-lang/crates.io-index"
checksum = "aebe07897b48983847943662bfc3198aabfa51636c81313c1955d04d857ed739"
dependencies = [
 "cc",
 "libc",
]

[[package]]
name = "cc"
version = "1.0.54"
source = "registry+https://github.com/rust-lang/crates.io-index"
checksum = "7bbb73db36c1246e9034e307d0fba23f9a2e251faa47ade70c1bd252220c8311"

[[package]]
name = "libc"
version = "0.2.71"
source = "registry+https://github.com/rust-lang/crates.io-index"
checksum = "9457b06509d27052635f90d6466700c65095fdf75409b3fbdd903e988b886f49"

[[package]]
name = "masm"
version = "0.1.0"
dependencies = [
 "capstone",
]
